{
  "name": "vinput",
  "lockfileVersion": 3,
  "requires": true,
  "packages": {
    "": {
      "dependencies": {
        "@types/chrome": "^0.1.1"
      }
    },
    "node_modules/@types/chrome": {
      "version": "0.1.1",
      "resolved": "https://registry.npmjs.org/@types/chrome/-/chrome-0.1.1.tgz",
      "integrity": "sha512-MLtFW++/n+OPQIaf5hA6pmURd3Zn+OxuvASyf2mYh8B8pHDpbhHjwlVHMw3H/aJC9Z7Z3itO0AFaZeegrGk0yA==",
      "license": "MIT",
      "dependencies": {
        "@types/filesystem": "*",
        "@types/har-format": "*"
      }
    },
    "node_modules/@types/filesystem": {},
    "node_modules/@types/har-format": {}
  }
}
